// !$*UTF8*$!
{
	archiveVersion = 1;
	classes = {
	};
	objectVersion = 56;
	objects = {

/* Begin PBXBuildFile section */
		1B97BECA2B71C167007D0BE5 /* IntervisionApp.swift in Sources */ = {isa = PBXBuildFile; fileRef = 1B97BEC92B71C167007D0BE5 /* IntervisionApp.swift */; };
		1B97BECC2B71C167007D0BE5 /* ContentView.swift in Sources */ = {isa = PBXBuildFile; fileRef = 1B97BECB2B71C167007D0BE5 /* ContentView.swift */; };
		1B97BECE2B71C168007D0BE5 /* Assets.xcassets in Resources */ = {isa = PBXBuildFile; fileRef = 1B97BECD2B71C168007D0BE5 /* Assets.xcassets */; };
		1B97BED12B71C168007D0BE5 /* Preview Assets.xcassets in Resources */ = {isa = PBXBuildFile; fileRef = 1B97BED02B71C168007D0BE5 /* Preview Assets.xcassets */; };
		1B97BEDC2B71C58E007D0BE5 /* ScoreModel.swift in Sources */ = {isa = PBXBuildFile; fileRef = 1B97BEDB2B71C58E007D0BE5 /* ScoreModel.swift */; };
		1B97BEDE2B71C59B007D0BE5 /* BarModel.swift in Sources */ = {isa = PBXBuildFile; fileRef = 1B97BEDD2B71C59B007D0BE5 /* BarModel.swift */; };
		1B97BEE02B71C607007D0BE5 /* ChordModel.swift in Sources */ = {isa = PBXBuildFile; fileRef = 1B97BEDF2B71C607007D0BE5 /* ChordModel.swift */; };
		1B97BEE22B71C617007D0BE5 /* NoteModel.swift in Sources */ = {isa = PBXBuildFile; fileRef = 1B97BEE12B71C617007D0BE5 /* NoteModel.swift */; };
/* End PBXBuildFile section */

/* Begin PBXFileReference section */
		1B97BEC62B71C167007D0BE5 /* Intervision.app */ = {isa = PBXFileReference; explicitFileType = wrapper.application; includeInIndex = 0; path = Intervision.app; sourceTree = BUILT_PRODUCTS_DIR; };
		1B97BEC92B71C167007D0BE5 /* IntervisionApp.swift */ = {isa = PBXFileReference; lastKnownFileType = sourcecode.swift; path = IntervisionApp.swift; sourceTree = "<group>"; };
		1B97BECB2B71C167007D0BE5 /* ContentView.swift */ = {isa = PBXFileReference; lastKnownFileType = sourcecode.swift; path = ContentView.swift; sourceTree = "<group>"; };
		1B97BECD2B71C168007D0BE5 /* Assets.xcassets */ = {isa = PBXFileReference; lastKnownFileType = folder.assetcatalog; path = Assets.xcassets; sourceTree = "<group>"; };
		1B97BED02B71C168007D0BE5 /* Preview Assets.xcassets */ = {isa = PBXFileReference; lastKnownFileType = folder.assetcatalog; path = "Preview Assets.xcassets"; sourceTree = "<group>"; };
		1B97BED22B71C168007D0BE5 /* Intervision.entitlements */ = {isa = PBXFileReference; lastKnownFileType = text.plist.entitlements; path = Intervision.entitlements; sourceTree = "<group>"; };
		1B97BEDB2B71C58E007D0BE5 /* ScoreModel.swift */ = {isa = PBXFileReference; lastKnownFileType = sourcecode.swift; path = ScoreModel.swift; sourceTree = "<group>"; };
		1B97BEDD2B71C59B007D0BE5 /* BarModel.swift */ = {isa = PBXFileReference; lastKnownFileType = sourcecode.swift; path = BarModel.swift; sourceTree = "<group>"; };
		1B97BEDF2B71C607007D0BE5 /* ChordModel.swift */ = {isa = PBXFileReference; lastKnownFileType = sourcecode.swift; path = ChordModel.swift; sourceTree = "<group>"; };
		1B97BEE12B71C617007D0BE5 /* NoteModel.swift */ = {isa = PBXFileReference; lastKnownFileType = sourcecode.swift; path = NoteModel.swift; sourceTree = "<group>"; };
/* End PBXFileReference section */

/* Begin PBXFrameworksBuildPhase section */
		1B97BEC32B71C167007D0BE5 /* Frameworks */ = {
			isa = PBXFrameworksBuildPhase;
			buildActionMask = 2147483647;
			files = (
			);
			runOnlyForDeploymentPostprocessing = 0;
		};
/* End PBXFrameworksBuildPhase section */

/* Begin PBXGroup section */
		1B97BEBD2B71C167007D0BE5 = {
			isa = PBXGroup;
			children = (
				1B97BEC82B71C167007D0BE5 /* Intervision */,
				1B97BEC72B71C167007D0BE5 /* Products */,
			);
			sourceTree = "<group>";
		};
		1B97BEC72B71C167007D0BE5 /* Products */ = {
			isa = PBXGroup;
			children = (
				1B97BEC62B71C167007D0BE5 /* Intervision.app */,
			);
			name = Products;
			sourceTree = "<group>";
		};
		1B97BEC82B71C167007D0BE5 /* Intervision */ = {
			isa = PBXGroup;
			children = (
				1B97BED92B71C4D1007D0BE5 /* Models */,
				1B97BED82B71C4C9007D0BE5 /* Views */,
				1B97BEDA2B71C4D6007D0BE5 /* View Models */,
				1B97BEE32B71C8EA007D0BE5 /* Data Services */,
				1B97BEE42B71C909007D0BE5 /* Styles */,
				1B97BECB2B71C167007D0BE5 /* ContentView.swift */,
				1B97BEC92B71C167007D0BE5 /* IntervisionApp.swift */,
				1B97BECD2B71C168007D0BE5 /* Assets.xcassets */,
				1B97BED22B71C168007D0BE5 /* Intervision.entitlements */,
				1B97BECF2B71C168007D0BE5 /* Preview Content */,
			);
			path = Intervision;
			sourceTree = "<group>";
		};
		1B97BECF2B71C168007D0BE5 /* Preview Content */ = {
			isa = PBXGroup;
			children = (
				1B97BED02B71C168007D0BE5 /* Preview Assets.xcassets */,
			);
			path = "Preview Content";
			sourceTree = "<group>";
		};
		1B97BED82B71C4C9007D0BE5 /* Views */ = {
			isa = PBXGroup;
			children = (
			);
			path = Views;
			sourceTree = "<group>";
		};
		1B97BED92B71C4D1007D0BE5 /* Models */ = {
			isa = PBXGroup;
			children = (
				1B97BEDB2B71C58E007D0BE5 /* ScoreModel.swift */,
				1B97BEDD2B71C59B007D0BE5 /* BarModel.swift */,
				1B97BEDF2B71C607007D0BE5 /* ChordModel.swift */,
				1B97BEE12B71C617007D0BE5 /* NoteModel.swift */,
			);
			path = Models;
			sourceTree = "<group>";
		};
		1B97BEDA2B71C4D6007D0BE5 /* View Models */ = {
			isa = PBXGroup;
			children = (
			);
			path = "View Models";
			sourceTree = "<group>";
		};
		1B97BEE32B71C8EA007D0BE5 /* Data Services */ = {
			isa = PBXGroup;
			children = (
			);
			path = "Data Services";
			sourceTree = "<group>";
		};
		1B97BEE42B71C909007D0BE5 /* Styles */ = {
			isa = PBXGroup;
			children = (
			);
			path = Styles;
			sourceTree = "<group>";
		};
/* End PBXGroup section */

/* Begin PBXNativeTarget section */
		1B97BEC52B71C167007D0BE5 /* Intervision */ = {
			isa = PBXNativeTarget;
			buildConfigurationList = 1B97BED52B71C168007D0BE5 /* Build configuration list for PBXNativeTarget "Intervision" */;
			buildPhases = (
				1B97BEC22B71C167007D0BE5 /* Sources */,
				1B97BEC32B71C167007D0BE5 /* Frameworks */,
				1B97BEC42B71C167007D0BE5 /* Resources */,
			);
			buildRules = (
			);
			dependencies = (
			);
			name = Intervision;
			productName = Intervision;
			productReference = 1B97BEC62B71C167007D0BE5 /* Intervision.app */;
			productType = "com.apple.product-type.application";
		};
/* End PBXNativeTarget section */

/* Begin PBXProject section */
		1B97BEBE2B71C167007D0BE5 /* Project object */ = {
			isa = PBXProject;
			attributes = {
				BuildIndependentTargetsInParallel = 1;
				LastSwiftUpdateCheck = 1520;
				LastUpgradeCheck = 1520;
				TargetAttributes = {
					1B97BEC52B71C167007D0BE5 = {
						CreatedOnToolsVersion = 15.2;
					};
				};
			};
			buildConfigurationList = 1B97BEC12B71C167007D0BE5 /* Build configuration list for PBXProject "Intervision" */;
			compatibilityVersion = "Xcode 14.0";
			developmentRegion = en;
			hasScannedForEncodings = 0;
			knownRegions = (
				en,
				Base,
			);
			mainGroup = 1B97BEBD2B71C167007D0BE5;
			productRefGroup = 1B97BEC72B71C167007D0BE5 /* Products */;
			projectDirPath = "";
			projectRoot = "";
			targets = (
				1B97BEC52B71C167007D0BE5 /* Intervision */,
			);
		};
/* End PBXProject section */

/* Begin PBXResourcesBuildPhase section */
		1B97BEC42B71C167007D0BE5 /* Resources */ = {
			isa = PBXResourcesBuildPhase;
			buildActionMask = 2147483647;
			files = (
				1B97BED12B71C168007D0BE5 /* Preview Assets.xcassets in Resources */,
				1B97BECE2B71C168007D0BE5 /* Assets.xcassets in Resources */,
			);
			runOnlyForDeploymentPostprocessing = 0;
		};
/* End PBXResourcesBuildPhase section */

/* Begin PBXSourcesBuildPhase section */
		1B97BEC22B71C167007D0BE5 /* Sources */ = {
			isa = PBXSourcesBuildPhase;
			buildActionMask = 2147483647;
			files = (
				1B97BEDC2B71C58E007D0BE5 /* ScoreModel.swift in Sources */,
				1B97BEE22B71C617007D0BE5 /* NoteModel.swift in Sources */,
				1B97BEE02B71C607007D0BE5 /* ChordModel.swift in Sources */,
				1B97BECC2B71C167007D0BE5 /* ContentView.swift in Sources */,
				1B97BECA2B71C167007D0BE5 /* IntervisionApp.swift in Sources */,
				1B97BEDE2B71C59B007D0BE5 /* BarModel.swift in Sources */,
			);
			runOnlyForDeploymentPostprocessing = 0;
		};
/* End PBXSourcesBuildPhase section */

/* Begin XCBuildConfiguration section */
		1B97BED32B71C168007D0BE5 /* Debug */ = {
			isa = XCBuildConfiguration;
			buildSettings = {
				ALWAYS_SEARCH_USER_PATHS = NO;
				ASSETCATALOG_COMPILER_GENERATE_SWIFT_ASSET_SYMBOL_EXTENSIONS = YES;
				CLANG_ANALYZER_NONNULL = YES;
				CLANG_ANALYZER_NUMBER_OBJECT_CONVERSION = YES_AGGRESSIVE;
				CLANG_CXX_LANGUAGE_STANDARD = "gnu++20";
				CLANG_ENABLE_MODULES = YES;
				CLANG_ENABLE_OBJC_ARC = YES;
				CLANG_ENABLE_OBJC_WEAK = YES;
				CLANG_WARN_BLOCK_CAPTURE_AUTORELEASING = YES;
				CLANG_WARN_BOOL_CONVERSION = YES;
				CLANG_WARN_COMMA = YES;
				CLANG_WARN_CONSTANT_CONVERSION = YES;
				CLANG_WARN_DEPRECATED_OBJC_IMPLEMENTATIONS = YES;
				CLANG_WARN_DIRECT_OBJC_ISA_USAGE = YES_ERROR;
				CLANG_WARN_DOCUMENTATION_COMMENTS = YES;
				CLANG_WARN_EMPTY_BODY = YES;
				CLANG_WARN_ENUM_CONVERSION = YES;
				CLANG_WARN_INFINITE_RECURSION = YES;
				CLANG_WARN_INT_CONVERSION = YES;
				CLANG_WARN_NON_LITERAL_NULL_CONVERSION = YES;
				CLANG_WARN_OBJC_IMPLICIT_RETAIN_SELF = YES;
				CLANG_WARN_OBJC_LITERAL_CONVERSION = YES;
				CLANG_WARN_OBJC_ROOT_CLASS = YES_ERROR;
				CLANG_WARN_QUOTED_INCLUDE_IN_FRAMEWORK_HEADER = YES;
				CLANG_WARN_RANGE_LOOP_ANALYSIS = YES;
				CLANG_WARN_STRICT_PROTOTYPES = YES;
				CLANG_WARN_SUSPICIOUS_MOVE = YES;
				CLANG_WARN_UNGUARDED_AVAILABILITY = YES_AGGRESSIVE;
				CLANG_WARN_UNREACHABLE_CODE = YES;
				CLANG_WARN__DUPLICATE_METHOD_MATCH = YES;
				COPY_PHASE_STRIP = NO;
				DEBUG_INFORMATION_FORMAT = dwarf;
				ENABLE_STRICT_OBJC_MSGSEND = YES;
				ENABLE_TESTABILITY = YES;
				ENABLE_USER_SCRIPT_SANDBOXING = YES;
				GCC_C_LANGUAGE_STANDARD = gnu17;
				GCC_DYNAMIC_NO_PIC = NO;
				GCC_NO_COMMON_BLOCKS = YES;
				GCC_OPTIMIZATION_LEVEL = 0;
				GCC_PREPROCESSOR_DEFINITIONS = (
					"DEBUG=1",
					"$(inherited)",
				);
				GCC_WARN_64_TO_32_BIT_CONVERSION = YES;
				GCC_WARN_ABOUT_RETURN_TYPE = YES_ERROR;
				GCC_WARN_UNDECLARED_SELECTOR = YES;
				GCC_WARN_UNINITIALIZED_AUTOS = YES_AGGRESSIVE;
				GCC_WARN_UNUSED_FUNCTION = YES;
				GCC_WARN_UNUSED_VARIABLE = YES;
				LOCALIZATION_PREFERS_STRING_CATALOGS = YES;
				MACOSX_DEPLOYMENT_TARGET = 14.2;
				MTL_ENABLE_DEBUG_INFO = INCLUDE_SOURCE;
				MTL_FAST_MATH = YES;
				ONLY_ACTIVE_ARCH = YES;
				SDKROOT = macosx;
				SWIFT_ACTIVE_COMPILATION_CONDITIONS = "DEBUG $(inherited)";
				SWIFT_OPTIMIZATION_LEVEL = "-Onone";
			};
			name = Debug;
		};
		1B97BED42B71C168007D0BE5 /* Release */ = {
			isa = XCBuildConfiguration;
			buildSettings = {
				ALWAYS_SEARCH_USER_PATHS = NO;
				ASSETCATALOG_COMPILER_GENERATE_SWIFT_ASSET_SYMBOL_EXTENSIONS = YES;
				CLANG_ANALYZER_NONNULL = YES;
				CLANG_ANALYZER_NUMBER_OBJECT_CONVERSION = YES_AGGRESSIVE;
				CLANG_CXX_LANGUAGE_STANDARD = "gnu++20";
				CLANG_ENABLE_MODULES = YES;
				CLANG_ENABLE_OBJC_ARC = YES;
				CLANG_ENABLE_OBJC_WEAK = YES;
				CLANG_WARN_BLOCK_CAPTURE_AUTORELEASING = YES;
				CLANG_WARN_BOOL_CONVERSION = YES;
				CLANG_WARN_COMMA = YES;
				CLANG_WARN_CONSTANT_CONVERSION = YES;
				CLANG_WARN_DEPRECATED_OBJC_IMPLEMENTATIONS = YES;
				CLANG_WARN_DIRECT_OBJC_ISA_USAGE = YES_ERROR;
				CLANG_WARN_DOCUMENTATION_COMMENTS = YES;
				CLANG_WARN_EMPTY_BODY = YES;
				CLANG_WARN_ENUM_CONVERSION = YES;
				CLANG_WARN_INFINITE_RECURSION = YES;
				CLANG_WARN_INT_CONVERSION = YES;
				CLANG_WARN_NON_LITERAL_NULL_CONVERSION = YES;
				CLANG_WARN_OBJC_IMPLICIT_RETAIN_SELF = YES;
				CLANG_WARN_OBJC_LITERAL_CONVERSION = YES;
				CLANG_WARN_OBJC_ROOT_CLASS = YES_ERROR;
				CLANG_WARN_QUOTED_INCLUDE_IN_FRAMEWORK_HEADER = YES;
				CLANG_WARN_RANGE_LOOP_ANALYSIS = YES;
				CLANG_WARN_STRICT_PROTOTYPES = YES;
				CLANG_WARN_SUSPICIOUS_MOVE = YES;
				CLANG_WARN_UNGUARDED_AVAILABILITY = YES_AGGRESSIVE;
				CLANG_WARN_UNREACHABLE_CODE = YES;
				CLANG_WARN__DUPLICATE_METHOD_MATCH = YES;
				COPY_PHASE_STRIP = NO;
				DEBUG_INFORMATION_FORMAT = "dwarf-with-dsym";
				ENABLE_NS_ASSERTIONS = NO;
				ENABLE_STRICT_OBJC_MSGSEND = YES;
				ENABLE_USER_SCRIPT_SANDBOXING = YES;
				GCC_C_LANGUAGE_STANDARD = gnu17;
				GCC_NO_COMMON_BLOCKS = YES;
				GCC_WARN_64_TO_32_BIT_CONVERSION = YES;
				GCC_WARN_ABOUT_RETURN_TYPE = YES_ERROR;
				GCC_WARN_UNDECLARED_SELECTOR = YES;
				GCC_WARN_UNINITIALIZED_AUTOS = YES_AGGRESSIVE;
				GCC_WARN_UNUSED_FUNCTION = YES;
				GCC_WARN_UNUSED_VARIABLE = YES;
				LOCALIZATION_PREFERS_STRING_CATALOGS = YES;
				MACOSX_DEPLOYMENT_TARGET = 14.2;
				MTL_ENABLE_DEBUG_INFO = NO;
				MTL_FAST_MATH = YES;
				SDKROOT = macosx;
				SWIFT_COMPILATION_MODE = wholemodule;
			};
			name = Release;
		};
		1B97BED62B71C168007D0BE5 /* Debug */ = {
			isa = XCBuildConfiguration;
			buildSettings = {
				ASSETCATALOG_COMPILER_APPICON_NAME = AppIcon;
				ASSETCATALOG_COMPILER_GLOBAL_ACCENT_COLOR_NAME = AccentColor;
				CODE_SIGN_ENTITLEMENTS = Intervision/Intervision.entitlements;
				CODE_SIGN_STYLE = Automatic;
				COMBINE_HIDPI_IMAGES = YES;
				CURRENT_PROJECT_VERSION = 1;
				DEVELOPMENT_ASSET_PATHS = "\"Intervision/Preview Content\"";
				DEVELOPMENT_TEAM = WAFD9G7398;
				ENABLE_HARDENED_RUNTIME = YES;
				ENABLE_PREVIEWS = YES;
				GENERATE_INFOPLIST_FILE = YES;
				INFOPLIST_KEY_LSApplicationCategoryType = "public.app-category.music";
				INFOPLIST_KEY_NSHumanReadableCopyright = "";
				LD_RUNPATH_SEARCH_PATHS = (
					"$(inherited)",
					"@executable_path/../Frameworks",
				);
				MACOSX_DEPLOYMENT_TARGET = 14.0;
				MARKETING_VERSION = 1.0;
				PRODUCT_BUNDLE_IDENTIFIER = com.reuben.Intervision;
				PRODUCT_NAME = "$(TARGET_NAME)";
				SWIFT_EMIT_LOC_STRINGS = YES;
				SWIFT_VERSION = 5.0;
			};
			name = Debug;
		};
		1B97BED72B71C168007D0BE5 /* Release */ = {
			isa = XCBuildConfiguration;
			buildSettings = {
				ASSETCATALOG_COMPILER_APPICON_NAME = AppIcon;
				ASSETCATALOG_COMPILER_GLOBAL_ACCENT_COLOR_NAME = AccentColor;
				CODE_SIGN_ENTITLEMENTS = Intervision/Intervision.entitlements;
				CODE_SIGN_STYLE = Automatic;
				COMBINE_HIDPI_IMAGES = YES;
				CURRENT_PROJECT_VERSION = 1;
				DEVELOPMENT_ASSET_PATHS = "\"Intervision/Preview Content\"";
				DEVELOPMENT_TEAM = WAFD9G7398;
				ENABLE_HARDENED_RUNTIME = YES;
				ENABLE_PREVIEWS = YES;
				GENERATE_INFOPLIST_FILE = YES;
				INFOPLIST_KEY_LSApplicationCategoryType = "public.app-category.music";
				INFOPLIST_KEY_NSHumanReadableCopyright = "";
				LD_RUNPATH_SEARCH_PATHS = (
					"$(inherited)",
					"@executable_path/../Frameworks",
				);
				MACOSX_DEPLOYMENT_TARGET = 14.0;
				MARKETING_VERSION = 1.0;
				PRODUCT_BUNDLE_IDENTIFIER = com.reuben.Intervision;
				PRODUCT_NAME = "$(TARGET_NAME)";
				SWIFT_EMIT_LOC_STRINGS = YES;
				SWIFT_VERSION = 5.0;
			};
			name = Release;
		};
/* End XCBuildConfiguration section */

/* Begin XCConfigurationList section */
		1B97BEC12B71C167007D0BE5 /* Build configuration list for PBXProject "Intervision" */ = {
			isa = XCConfigurationList;
			buildConfigurations = (
				1B97BED32B71C168007D0BE5 /* Debug */,
				1B97BED42B71C168007D0BE5 /* Release */,
			);
			defaultConfigurationIsVisible = 0;
			defaultConfigurationName = Release;
		};
		1B97BED52B71C168007D0BE5 /* Build configuration list for PBXNativeTarget "Intervision" */ = {
			isa = XCConfigurationList;
			buildConfigurations = (
				1B97BED62B71C168007D0BE5 /* Debug */,
				1B97BED72B71C168007D0BE5 /* Release */,
			);
			defaultConfigurationIsVisible = 0;
			defaultConfigurationName = Release;
		};
/* End XCConfigurationList section */
	};
	rootObject = 1B97BEBE2B71C167007D0BE5 /* Project object */;
}
