// !$*UTF8*$!
{
	archiveVersion = 1;
	classes = {
	};
	objectVersion = 56;
	objects = {

/* Begin PBXBuildFile section */
		1B0E449E2B92510F00C0E12C /* IntervalLinesView.swift in Sources */ = {isa = PBXBuildFile; fileRef = 1B0E449D2B92510F00C0E12C /* IntervalLinesView.swift */; };
		1B0E44A02B92516500C0E12C /* IntervalLinesViewModel.swift in Sources */ = {isa = PBXBuildFile; fileRef = 1B0E449F2B92516500C0E12C /* IntervalLinesViewModel.swift */; };
		1B0E44A22B92519800C0E12C /* SegmentModel.swift in Sources */ = {isa = PBXBuildFile; fileRef = 1B0E44A12B92519800C0E12C /* SegmentModel.swift */; };
		1B0E44A72B9260A900C0E12C /* InspectorButton.swift in Sources */ = {isa = PBXBuildFile; fileRef = 1B0E44A62B9260A900C0E12C /* InspectorButton.swift */; };
		1B0E44AB2B9284E600C0E12C /* BarRowsView.swift in Sources */ = {isa = PBXBuildFile; fileRef = 1B0E44AA2B9284E600C0E12C /* BarRowsView.swift */; };
		1B0E44AD2B92892800C0E12C /* PianoKeysHeader.swift in Sources */ = {isa = PBXBuildFile; fileRef = 1B0E44AC2B92892800C0E12C /* PianoKeysHeader.swift */; };
		1B0E44B02B92899400C0E12C /* EmptyRollView.swift in Sources */ = {isa = PBXBuildFile; fileRef = 1B0E44AF2B92899400C0E12C /* EmptyRollView.swift */; };
		1B0E44B22B928A1600C0E12C /* RollView.swift in Sources */ = {isa = PBXBuildFile; fileRef = 1B0E44B12B928A1600C0E12C /* RollView.swift */; };
		1B0E44B52B928A8400C0E12C /* RollBarHeader.swift in Sources */ = {isa = PBXBuildFile; fileRef = 1B0E44B42B928A8400C0E12C /* RollBarHeader.swift */; };
		1B0E44B82B96AE8C00C0E12C /* LineModel.swift in Sources */ = {isa = PBXBuildFile; fileRef = 1B0E44B72B96AE8C00C0E12C /* LineModel.swift */; };
		1B12C9E52B753EBE00DC87DC /* PartModel.swift in Sources */ = {isa = PBXBuildFile; fileRef = 1B12C9E42B753EBE00DC87DC /* PartModel.swift */; };
		1B12C9E72B75472200DC87DC /* StaveModel.swift in Sources */ = {isa = PBXBuildFile; fileRef = 1B12C9E62B75472200DC87DC /* StaveModel.swift */; };
		1B231FF32B895153003AB714 /* PianoKeysView.swift in Sources */ = {isa = PBXBuildFile; fileRef = 1B231FF22B895153003AB714 /* PianoKeysView.swift */; };
		1B231FF52B8A5FB9003AB714 /* RollViewModel.swift in Sources */ = {isa = PBXBuildFile; fileRef = 1B231FF42B8A5FB9003AB714 /* RollViewModel.swift */; };
		1B231FF72B8A6C2B003AB714 /* RollBarView.swift in Sources */ = {isa = PBXBuildFile; fileRef = 1B231FF62B8A6C2B003AB714 /* RollBarView.swift */; };
		1B231FFB2B8E10B9003AB714 /* RollInspectorView.swift in Sources */ = {isa = PBXBuildFile; fileRef = 1B231FFA2B8E10B8003AB714 /* RollInspectorView.swift */; };
		1B231FFD2B8EA746003AB714 /* ScoreInspectorView.swift in Sources */ = {isa = PBXBuildFile; fileRef = 1B231FFC2B8EA746003AB714 /* ScoreInspectorView.swift */; };
		1B561F772B784CF3001860E5 /* HomeView.swift in Sources */ = {isa = PBXBuildFile; fileRef = 1B561F762B784CF3001860E5 /* HomeView.swift */; };
		1B561F792B79219F001860E5 /* BarView.swift in Sources */ = {isa = PBXBuildFile; fileRef = 1B561F782B79219F001860E5 /* BarView.swift */; };
		1B561F7B2B793216001860E5 /* BarViewModel.swift in Sources */ = {isa = PBXBuildFile; fileRef = 1B561F7A2B793216001860E5 /* BarViewModel.swift */; };
		1B5A4F272B76C479007F16ED /* My_Love_Mine_All_Mine__Mitski_My_Love_Mine_All_Mine.musicxml in Resources */ = {isa = PBXBuildFile; fileRef = 1B5A4F262B76C479007F16ED /* My_Love_Mine_All_Mine__Mitski_My_Love_Mine_All_Mine.musicxml */; };
		1B9435932B7EBFF900B57DA7 /* StaveView.swift in Sources */ = {isa = PBXBuildFile; fileRef = 1B9435922B7EBFF900B57DA7 /* StaveView.swift */; };
		1B9435952B7ED65B00B57DA7 /* NoteHeadView.swift in Sources */ = {isa = PBXBuildFile; fileRef = 1B9435942B7ED65B00B57DA7 /* NoteHeadView.swift */; };
		1B9435972B7F122A00B57DA7 /* NotesView.swift in Sources */ = {isa = PBXBuildFile; fileRef = 1B9435962B7F122A00B57DA7 /* NotesView.swift */; };
		1B9435992B7F153100B57DA7 /* RestView.swift in Sources */ = {isa = PBXBuildFile; fileRef = 1B9435982B7F153100B57DA7 /* RestView.swift */; };
		1B94359B2B7FE4F500B57DA7 /* BeamsView.swift in Sources */ = {isa = PBXBuildFile; fileRef = 1B94359A2B7FE4F500B57DA7 /* BeamsView.swift */; };
		1B94359D2B7FE58800B57DA7 /* BeamViewModel.swift in Sources */ = {isa = PBXBuildFile; fileRef = 1B94359C2B7FE58800B57DA7 /* BeamViewModel.swift */; };
		1B94359F2B80655D00B57DA7 /* BeamLineView.swift in Sources */ = {isa = PBXBuildFile; fileRef = 1B94359E2B80655D00B57DA7 /* BeamLineView.swift */; };
		1B9435A12B80657900B57DA7 /* NoteTailView.swift in Sources */ = {isa = PBXBuildFile; fileRef = 1B9435A02B80657900B57DA7 /* NoteTailView.swift */; };
		1B9435A32B80758300B57DA7 /* StemView.swift in Sources */ = {isa = PBXBuildFile; fileRef = 1B9435A22B80758300B57DA7 /* StemView.swift */; };
		1B9435A52B856D5900B57DA7 /* ClefView.swift in Sources */ = {isa = PBXBuildFile; fileRef = 1B9435A42B856D5900B57DA7 /* ClefView.swift */; };
		1B9435A72B85703600B57DA7 /* KeyView.swift in Sources */ = {isa = PBXBuildFile; fileRef = 1B9435A62B85703600B57DA7 /* KeyView.swift */; };
		1B9435A92B857A8D00B57DA7 /* TimeSignatureView.swift in Sources */ = {isa = PBXBuildFile; fileRef = 1B9435A82B857A8D00B57DA7 /* TimeSignatureView.swift */; };
		1B97BECA2B71C167007D0BE5 /* IntervisionApp.swift in Sources */ = {isa = PBXBuildFile; fileRef = 1B97BEC92B71C167007D0BE5 /* IntervisionApp.swift */; };
		1B97BECE2B71C168007D0BE5 /* Assets.xcassets in Resources */ = {isa = PBXBuildFile; fileRef = 1B97BECD2B71C168007D0BE5 /* Assets.xcassets */; };
		1B97BED12B71C168007D0BE5 /* Preview Assets.xcassets in Resources */ = {isa = PBXBuildFile; fileRef = 1B97BED02B71C168007D0BE5 /* Preview Assets.xcassets */; };
		1B97BEDC2B71C58E007D0BE5 /* ScoreModel.swift in Sources */ = {isa = PBXBuildFile; fileRef = 1B97BEDB2B71C58E007D0BE5 /* ScoreModel.swift */; };
		1B97BEDE2B71C59B007D0BE5 /* BarModel.swift in Sources */ = {isa = PBXBuildFile; fileRef = 1B97BEDD2B71C59B007D0BE5 /* BarModel.swift */; };
		1B97BEE02B71C607007D0BE5 /* ChordModel.swift in Sources */ = {isa = PBXBuildFile; fileRef = 1B97BEDF2B71C607007D0BE5 /* ChordModel.swift */; };
		1B97BEE22B71C617007D0BE5 /* NoteModel.swift in Sources */ = {isa = PBXBuildFile; fileRef = 1B97BEE12B71C617007D0BE5 /* NoteModel.swift */; };
		1B97BEE62B71D917007D0BE5 /* AppDelegate.swift in Sources */ = {isa = PBXBuildFile; fileRef = 1B97BEE52B71D917007D0BE5 /* AppDelegate.swift */; };
		1B97BEE82B726CAA007D0BE5 /* MainWindowView.swift in Sources */ = {isa = PBXBuildFile; fileRef = 1B97BEE72B726CAA007D0BE5 /* MainWindowView.swift */; };
		1B97BEEA2B726CC1007D0BE5 /* ScoreView.swift in Sources */ = {isa = PBXBuildFile; fileRef = 1B97BEE92B726CC1007D0BE5 /* ScoreView.swift */; };
		1B97BEED2B7279CF007D0BE5 /* PageView.swift in Sources */ = {isa = PBXBuildFile; fileRef = 1B97BEEC2B7279CF007D0BE5 /* PageView.swift */; };
		1BBC97802B759D8E001C953C /* GraceModel.swift in Sources */ = {isa = PBXBuildFile; fileRef = 1BBC977F2B759D8E001C953C /* GraceModel.swift */; };
		1BBC97842B7699EB001C953C /* MusicXMLDataService.swift in Sources */ = {isa = PBXBuildFile; fileRef = 1BBC97832B7699EB001C953C /* MusicXMLDataService.swift */; };
		1BBC97872B769AEB001C953C /* Fur_Elise.musicxml in Resources */ = {isa = PBXBuildFile; fileRef = 1BBC97862B769AEB001C953C /* Fur_Elise.musicxml */; };
		1BBC97892B769B4C001C953C /* Canon_in_D.musicxml in Resources */ = {isa = PBXBuildFile; fileRef = 1BBC97882B769B4C001C953C /* Canon_in_D.musicxml */; };
		1BBC978B2B76A3C7001C953C /* TestLoad.swift in Sources */ = {isa = PBXBuildFile; fileRef = 1BBC978A2B76A3C7001C953C /* TestLoad.swift */; };
		1BBC978D2B76A50D001C953C /* ScoreViewModel.swift in Sources */ = {isa = PBXBuildFile; fileRef = 1BBC978C2B76A50D001C953C /* ScoreViewModel.swift */; };
		1BBEAE432B76D8F20033FFDA /* ShortTestScore.musicxml in Resources */ = {isa = PBXBuildFile; fileRef = 1BBEAE422B76D8F20033FFDA /* ShortTestScore.musicxml */; };
		1BBEAE452B76DCF90033FFDA /* Prlude_Opus_28_No._4_in_E_Minor__Chopin.musicxml in Resources */ = {isa = PBXBuildFile; fileRef = 1BBEAE442B76DCF90033FFDA /* Prlude_Opus_28_No._4_in_E_Minor__Chopin.musicxml */; };
		1BBEAE482B780E720033FFDA /* Advanced_Trio.musicxml in Resources */ = {isa = PBXBuildFile; fileRef = 1BBEAE462B780E720033FFDA /* Advanced_Trio.musicxml */; };
		1BBEAE492B780E720033FFDA /* Simpsons_MultiPart.musicxml in Resources */ = {isa = PBXBuildFile; fileRef = 1BBEAE472B780E720033FFDA /* Simpsons_MultiPart.musicxml */; };
		1BBF21A32B9FFB160097D5A3 /* ScoreManager.swift in Sources */ = {isa = PBXBuildFile; fileRef = 1BBF21A22B9FFB160097D5A3 /* ScoreManager.swift */; };
/* End PBXBuildFile section */

/* Begin PBXFileReference section */
		1B0E449D2B92510F00C0E12C /* IntervalLinesView.swift */ = {isa = PBXFileReference; lastKnownFileType = sourcecode.swift; path = IntervalLinesView.swift; sourceTree = "<group>"; };
		1B0E449F2B92516500C0E12C /* IntervalLinesViewModel.swift */ = {isa = PBXFileReference; lastKnownFileType = sourcecode.swift; path = IntervalLinesViewModel.swift; sourceTree = "<group>"; };
		1B0E44A12B92519800C0E12C /* SegmentModel.swift */ = {isa = PBXFileReference; lastKnownFileType = sourcecode.swift; path = SegmentModel.swift; sourceTree = "<group>"; };
		1B0E44A62B9260A900C0E12C /* InspectorButton.swift */ = {isa = PBXFileReference; lastKnownFileType = sourcecode.swift; path = InspectorButton.swift; sourceTree = "<group>"; };
		1B0E44AA2B9284E600C0E12C /* BarRowsView.swift */ = {isa = PBXFileReference; lastKnownFileType = sourcecode.swift; path = BarRowsView.swift; sourceTree = "<group>"; };
		1B0E44AC2B92892800C0E12C /* PianoKeysHeader.swift */ = {isa = PBXFileReference; lastKnownFileType = sourcecode.swift; path = PianoKeysHeader.swift; sourceTree = "<group>"; };
		1B0E44AF2B92899400C0E12C /* EmptyRollView.swift */ = {isa = PBXFileReference; lastKnownFileType = sourcecode.swift; path = EmptyRollView.swift; sourceTree = "<group>"; };
		1B0E44B12B928A1600C0E12C /* RollView.swift */ = {isa = PBXFileReference; fileEncoding = 4; lastKnownFileType = sourcecode.swift; path = RollView.swift; sourceTree = "<group>"; };
		1B0E44B42B928A8400C0E12C /* RollBarHeader.swift */ = {isa = PBXFileReference; lastKnownFileType = sourcecode.swift; path = RollBarHeader.swift; sourceTree = "<group>"; };
		1B0E44B72B96AE8C00C0E12C /* LineModel.swift */ = {isa = PBXFileReference; lastKnownFileType = sourcecode.swift; path = LineModel.swift; sourceTree = "<group>"; };
		1B12C9E42B753EBE00DC87DC /* PartModel.swift */ = {isa = PBXFileReference; lastKnownFileType = sourcecode.swift; path = PartModel.swift; sourceTree = "<group>"; };
		1B12C9E62B75472200DC87DC /* StaveModel.swift */ = {isa = PBXFileReference; lastKnownFileType = sourcecode.swift; path = StaveModel.swift; sourceTree = "<group>"; };
		1B231FF22B895153003AB714 /* PianoKeysView.swift */ = {isa = PBXFileReference; lastKnownFileType = sourcecode.swift; path = PianoKeysView.swift; sourceTree = "<group>"; };
		1B231FF42B8A5FB9003AB714 /* RollViewModel.swift */ = {isa = PBXFileReference; lastKnownFileType = sourcecode.swift; path = RollViewModel.swift; sourceTree = "<group>"; };
		1B231FF62B8A6C2B003AB714 /* RollBarView.swift */ = {isa = PBXFileReference; lastKnownFileType = sourcecode.swift; path = RollBarView.swift; sourceTree = "<group>"; };
		1B231FFA2B8E10B8003AB714 /* RollInspectorView.swift */ = {isa = PBXFileReference; lastKnownFileType = sourcecode.swift; path = RollInspectorView.swift; sourceTree = "<group>"; };
		1B231FFC2B8EA746003AB714 /* ScoreInspectorView.swift */ = {isa = PBXFileReference; lastKnownFileType = sourcecode.swift; path = ScoreInspectorView.swift; sourceTree = "<group>"; };
		1B561F762B784CF3001860E5 /* HomeView.swift */ = {isa = PBXFileReference; lastKnownFileType = sourcecode.swift; path = HomeView.swift; sourceTree = "<group>"; };
		1B561F782B79219F001860E5 /* BarView.swift */ = {isa = PBXFileReference; lastKnownFileType = sourcecode.swift; path = BarView.swift; sourceTree = "<group>"; };
		1B561F7A2B793216001860E5 /* BarViewModel.swift */ = {isa = PBXFileReference; lastKnownFileType = sourcecode.swift; path = BarViewModel.swift; sourceTree = "<group>"; };
		1B5A4F262B76C479007F16ED /* My_Love_Mine_All_Mine__Mitski_My_Love_Mine_All_Mine.musicxml */ = {isa = PBXFileReference; fileEncoding = 4; lastKnownFileType = text.xml; name = My_Love_Mine_All_Mine__Mitski_My_Love_Mine_All_Mine.musicxml; path = ../../../../../Desktop/My_Love_Mine_All_Mine__Mitski_My_Love_Mine_All_Mine.musicxml; sourceTree = "<group>"; };
		1B9435922B7EBFF900B57DA7 /* StaveView.swift */ = {isa = PBXFileReference; lastKnownFileType = sourcecode.swift; path = StaveView.swift; sourceTree = "<group>"; };
		1B9435942B7ED65B00B57DA7 /* NoteHeadView.swift */ = {isa = PBXFileReference; lastKnownFileType = sourcecode.swift; path = NoteHeadView.swift; sourceTree = "<group>"; };
		1B9435962B7F122A00B57DA7 /* NotesView.swift */ = {isa = PBXFileReference; lastKnownFileType = sourcecode.swift; path = NotesView.swift; sourceTree = "<group>"; };
		1B9435982B7F153100B57DA7 /* RestView.swift */ = {isa = PBXFileReference; lastKnownFileType = sourcecode.swift; path = RestView.swift; sourceTree = "<group>"; };
		1B94359A2B7FE4F500B57DA7 /* BeamsView.swift */ = {isa = PBXFileReference; lastKnownFileType = sourcecode.swift; path = BeamsView.swift; sourceTree = "<group>"; };
		1B94359C2B7FE58800B57DA7 /* BeamViewModel.swift */ = {isa = PBXFileReference; lastKnownFileType = sourcecode.swift; path = BeamViewModel.swift; sourceTree = "<group>"; };
		1B94359E2B80655D00B57DA7 /* BeamLineView.swift */ = {isa = PBXFileReference; lastKnownFileType = sourcecode.swift; path = BeamLineView.swift; sourceTree = "<group>"; };
		1B9435A02B80657900B57DA7 /* NoteTailView.swift */ = {isa = PBXFileReference; lastKnownFileType = sourcecode.swift; path = NoteTailView.swift; sourceTree = "<group>"; };
		1B9435A22B80758300B57DA7 /* StemView.swift */ = {isa = PBXFileReference; lastKnownFileType = sourcecode.swift; path = StemView.swift; sourceTree = "<group>"; };
		1B9435A42B856D5900B57DA7 /* ClefView.swift */ = {isa = PBXFileReference; lastKnownFileType = sourcecode.swift; path = ClefView.swift; sourceTree = "<group>"; };
		1B9435A62B85703600B57DA7 /* KeyView.swift */ = {isa = PBXFileReference; lastKnownFileType = sourcecode.swift; path = KeyView.swift; sourceTree = "<group>"; };
		1B9435A82B857A8D00B57DA7 /* TimeSignatureView.swift */ = {isa = PBXFileReference; lastKnownFileType = sourcecode.swift; path = TimeSignatureView.swift; sourceTree = "<group>"; };
		1B9435AA2B85A55500B57DA7 /* Info.plist */ = {isa = PBXFileReference; lastKnownFileType = text.plist; path = Info.plist; sourceTree = "<group>"; };
		1B97BEC62B71C167007D0BE5 /* Intervision.app */ = {isa = PBXFileReference; explicitFileType = wrapper.application; includeInIndex = 0; path = Intervision.app; sourceTree = BUILT_PRODUCTS_DIR; };
		1B97BEC92B71C167007D0BE5 /* IntervisionApp.swift */ = {isa = PBXFileReference; lastKnownFileType = sourcecode.swift; path = IntervisionApp.swift; sourceTree = "<group>"; };
		1B97BECD2B71C168007D0BE5 /* Assets.xcassets */ = {isa = PBXFileReference; lastKnownFileType = folder.assetcatalog; path = Assets.xcassets; sourceTree = "<group>"; };
		1B97BED02B71C168007D0BE5 /* Preview Assets.xcassets */ = {isa = PBXFileReference; lastKnownFileType = folder.assetcatalog; path = "Preview Assets.xcassets"; sourceTree = "<group>"; };
		1B97BED22B71C168007D0BE5 /* Intervision.entitlements */ = {isa = PBXFileReference; lastKnownFileType = text.plist.entitlements; path = Intervision.entitlements; sourceTree = "<group>"; };
		1B97BEDB2B71C58E007D0BE5 /* ScoreModel.swift */ = {isa = PBXFileReference; lastKnownFileType = sourcecode.swift; path = ScoreModel.swift; sourceTree = "<group>"; };
		1B97BEDD2B71C59B007D0BE5 /* BarModel.swift */ = {isa = PBXFileReference; lastKnownFileType = sourcecode.swift; path = BarModel.swift; sourceTree = "<group>"; };
		1B97BEDF2B71C607007D0BE5 /* ChordModel.swift */ = {isa = PBXFileReference; lastKnownFileType = sourcecode.swift; path = ChordModel.swift; sourceTree = "<group>"; };
		1B97BEE12B71C617007D0BE5 /* NoteModel.swift */ = {isa = PBXFileReference; lastKnownFileType = sourcecode.swift; path = NoteModel.swift; sourceTree = "<group>"; };
		1B97BEE52B71D917007D0BE5 /* AppDelegate.swift */ = {isa = PBXFileReference; lastKnownFileType = sourcecode.swift; path = AppDelegate.swift; sourceTree = "<group>"; };
		1B97BEE72B726CAA007D0BE5 /* MainWindowView.swift */ = {isa = PBXFileReference; lastKnownFileType = sourcecode.swift; path = MainWindowView.swift; sourceTree = "<group>"; };
		1B97BEE92B726CC1007D0BE5 /* ScoreView.swift */ = {isa = PBXFileReference; lastKnownFileType = sourcecode.swift; path = ScoreView.swift; sourceTree = "<group>"; };
		1B97BEEC2B7279CF007D0BE5 /* PageView.swift */ = {isa = PBXFileReference; lastKnownFileType = sourcecode.swift; path = PageView.swift; sourceTree = "<group>"; };
		1BBC977F2B759D8E001C953C /* GraceModel.swift */ = {isa = PBXFileReference; lastKnownFileType = sourcecode.swift; path = GraceModel.swift; sourceTree = "<group>"; };
		1BBC97832B7699EB001C953C /* MusicXMLDataService.swift */ = {isa = PBXFileReference; lastKnownFileType = sourcecode.swift; path = MusicXMLDataService.swift; sourceTree = "<group>"; };
		1BBC97862B769AEB001C953C /* Fur_Elise.musicxml */ = {isa = PBXFileReference; fileEncoding = 4; lastKnownFileType = text.xml; name = Fur_Elise.musicxml; path = ../../../../../Desktop/Fur_Elise.musicxml; sourceTree = "<group>"; };
		1BBC97882B769B4C001C953C /* Canon_in_D.musicxml */ = {isa = PBXFileReference; fileEncoding = 4; lastKnownFileType = text.xml; name = Canon_in_D.musicxml; path = ../../../../../Desktop/Canon_in_D.musicxml; sourceTree = "<group>"; };
		1BBC978A2B76A3C7001C953C /* TestLoad.swift */ = {isa = PBXFileReference; lastKnownFileType = sourcecode.swift; path = TestLoad.swift; sourceTree = "<group>"; };
		1BBC978C2B76A50D001C953C /* ScoreViewModel.swift */ = {isa = PBXFileReference; lastKnownFileType = sourcecode.swift; path = ScoreViewModel.swift; sourceTree = "<group>"; };
		1BBEAE422B76D8F20033FFDA /* ShortTestScore.musicxml */ = {isa = PBXFileReference; fileEncoding = 4; lastKnownFileType = text.xml; name = ShortTestScore.musicxml; path = ../../../../../Desktop/ShortTestScore.musicxml; sourceTree = "<group>"; };
		1BBEAE442B76DCF90033FFDA /* Prlude_Opus_28_No._4_in_E_Minor__Chopin.musicxml */ = {isa = PBXFileReference; fileEncoding = 4; lastKnownFileType = text.xml; name = Prlude_Opus_28_No._4_in_E_Minor__Chopin.musicxml; path = ../../../../../Desktop/Prlude_Opus_28_No._4_in_E_Minor__Chopin.musicxml; sourceTree = "<group>"; };
		1BBEAE462B780E720033FFDA /* Advanced_Trio.musicxml */ = {isa = PBXFileReference; fileEncoding = 4; lastKnownFileType = text.xml; name = Advanced_Trio.musicxml; path = ../../../../../Desktop/Advanced_Trio.musicxml; sourceTree = "<group>"; };
		1BBEAE472B780E720033FFDA /* Simpsons_MultiPart.musicxml */ = {isa = PBXFileReference; fileEncoding = 4; lastKnownFileType = text.xml; name = Simpsons_MultiPart.musicxml; path = ../../../../../Desktop/Simpsons_MultiPart.musicxml; sourceTree = "<group>"; };
		1BBF21A22B9FFB160097D5A3 /* ScoreManager.swift */ = {isa = PBXFileReference; lastKnownFileType = sourcecode.swift; path = ScoreManager.swift; sourceTree = "<group>"; };
/* End PBXFileReference section */

/* Begin PBXFrameworksBuildPhase section */
		1B97BEC32B71C167007D0BE5 /* Frameworks */ = {
			isa = PBXFrameworksBuildPhase;
			buildActionMask = 2147483647;
			files = (
			);
			runOnlyForDeploymentPostprocessing = 0;
		};
/* End PBXFrameworksBuildPhase section */

/* Begin PBXGroup section */
		1B0E44A32B92608C00C0E12C /* Inspector */ = {
			isa = PBXGroup;
			children = (
				1B231FFA2B8E10B8003AB714 /* RollInspectorView.swift */,
				1B0E44A62B9260A900C0E12C /* InspectorButton.swift */,
			);
			path = Inspector;
			sourceTree = "<group>";
		};
		1B0E44A82B9261D900C0E12C /* PianoKeys */ = {
			isa = PBXGroup;
			children = (
				1B231FF22B895153003AB714 /* PianoKeysView.swift */,
				1B0E44AC2B92892800C0E12C /* PianoKeysHeader.swift */,
			);
			path = PianoKeys;
			sourceTree = "<group>";
		};
		1B0E44A92B9284A600C0E12C /* Rows */ = {
			isa = PBXGroup;
			children = (
				1B0E44AA2B9284E600C0E12C /* BarRowsView.swift */,
			);
			path = Rows;
			sourceTree = "<group>";
		};
		1B0E44AE2B92896A00C0E12C /* Interval Lines */ = {
			isa = PBXGroup;
			children = (
				1B0E449D2B92510F00C0E12C /* IntervalLinesView.swift */,
			);
			path = "Interval Lines";
			sourceTree = "<group>";
		};
		1B0E44B32B928A7700C0E12C /* Bar */ = {
			isa = PBXGroup;
			children = (
				1B231FF62B8A6C2B003AB714 /* RollBarView.swift */,
				1B0E44B42B928A8400C0E12C /* RollBarHeader.swift */,
			);
			path = Bar;
			sourceTree = "<group>";
		};
		1B0E44B62B9298BA00C0E12C /* Global */ = {
			isa = PBXGroup;
			children = (
			);
			path = Global;
			sourceTree = "<group>";
		};
		1B231FEF2B8950D2003AB714 /* Roll */ = {
			isa = PBXGroup;
			children = (
				1B0E44B32B928A7700C0E12C /* Bar */,
				1B0E44AE2B92896A00C0E12C /* Interval Lines */,
				1B0E44A92B9284A600C0E12C /* Rows */,
				1B0E44A82B9261D900C0E12C /* PianoKeys */,
				1B0E44A32B92608C00C0E12C /* Inspector */,
				1B0E44AF2B92899400C0E12C /* EmptyRollView.swift */,
				1B0E44B12B928A1600C0E12C /* RollView.swift */,
			);
			path = Roll;
			sourceTree = "<group>";
		};
		1B9435912B7EBFEA00B57DA7 /* Bar */ = {
			isa = PBXGroup;
			children = (
				1B561F782B79219F001860E5 /* BarView.swift */,
				1B9435922B7EBFF900B57DA7 /* StaveView.swift */,
				1B9435942B7ED65B00B57DA7 /* NoteHeadView.swift */,
				1B9435962B7F122A00B57DA7 /* NotesView.swift */,
				1B9435982B7F153100B57DA7 /* RestView.swift */,
				1B94359A2B7FE4F500B57DA7 /* BeamsView.swift */,
				1B94359E2B80655D00B57DA7 /* BeamLineView.swift */,
				1B9435A02B80657900B57DA7 /* NoteTailView.swift */,
				1B9435A22B80758300B57DA7 /* StemView.swift */,
				1B9435A42B856D5900B57DA7 /* ClefView.swift */,
				1B9435A62B85703600B57DA7 /* KeyView.swift */,
				1B9435A82B857A8D00B57DA7 /* TimeSignatureView.swift */,
			);
			path = Bar;
			sourceTree = "<group>";
		};
		1B97BEBD2B71C167007D0BE5 = {
			isa = PBXGroup;
			children = (
				1B97BEC82B71C167007D0BE5 /* Intervision */,
				1B97BEC72B71C167007D0BE5 /* Products */,
			);
			sourceTree = "<group>";
		};
		1B97BEC72B71C167007D0BE5 /* Products */ = {
			isa = PBXGroup;
			children = (
				1B97BEC62B71C167007D0BE5 /* Intervision.app */,
			);
			name = Products;
			sourceTree = "<group>";
		};
		1B97BEC82B71C167007D0BE5 /* Intervision */ = {
			isa = PBXGroup;
			children = (
				1B9435AA2B85A55500B57DA7 /* Info.plist */,
				1BBC97852B769ACA001C953C /* Test Scores */,
				1B97BED92B71C4D1007D0BE5 /* Models */,
				1B97BED82B71C4C9007D0BE5 /* Views */,
				1B97BEDA2B71C4D6007D0BE5 /* View Models */,
				1B97BEE32B71C8EA007D0BE5 /* Data Services */,
				1B97BEE42B71C909007D0BE5 /* Styles */,
				1B97BEC92B71C167007D0BE5 /* IntervisionApp.swift */,
				1B97BEE52B71D917007D0BE5 /* AppDelegate.swift */,
				1B97BECD2B71C168007D0BE5 /* Assets.xcassets */,
				1B97BED22B71C168007D0BE5 /* Intervision.entitlements */,
				1B97BECF2B71C168007D0BE5 /* Preview Content */,
			);
			path = Intervision;
			sourceTree = "<group>";
		};
		1B97BECF2B71C168007D0BE5 /* Preview Content */ = {
			isa = PBXGroup;
			children = (
				1B97BED02B71C168007D0BE5 /* Preview Assets.xcassets */,
			);
			path = "Preview Content";
			sourceTree = "<group>";
		};
		1B97BED82B71C4C9007D0BE5 /* Views */ = {
			isa = PBXGroup;
			children = (
				1B0E44B62B9298BA00C0E12C /* Global */,
				1B231FEF2B8950D2003AB714 /* Roll */,
				1B9435912B7EBFEA00B57DA7 /* Bar */,
				1B97BEEB2B7279C3007D0BE5 /* Score */,
				1B97BEE72B726CAA007D0BE5 /* MainWindowView.swift */,
				1B561F762B784CF3001860E5 /* HomeView.swift */,
			);
			path = Views;
			sourceTree = "<group>";
		};
		1B97BED92B71C4D1007D0BE5 /* Models */ = {
			isa = PBXGroup;
			children = (
				1B97BEDB2B71C58E007D0BE5 /* ScoreModel.swift */,
				1B97BEDD2B71C59B007D0BE5 /* BarModel.swift */,
				1B97BEDF2B71C607007D0BE5 /* ChordModel.swift */,
				1B97BEE12B71C617007D0BE5 /* NoteModel.swift */,
				1B12C9E42B753EBE00DC87DC /* PartModel.swift */,
				1B12C9E62B75472200DC87DC /* StaveModel.swift */,
				1BBC977F2B759D8E001C953C /* GraceModel.swift */,
				1B0E44A12B92519800C0E12C /* SegmentModel.swift */,
				1B0E44B72B96AE8C00C0E12C /* LineModel.swift */,
				1BBF21A22B9FFB160097D5A3 /* ScoreManager.swift */,
			);
			path = Models;
			sourceTree = "<group>";
		};
		1B97BEDA2B71C4D6007D0BE5 /* View Models */ = {
			isa = PBXGroup;
			children = (
				1BBC978C2B76A50D001C953C /* ScoreViewModel.swift */,
				1B561F7A2B793216001860E5 /* BarViewModel.swift */,
				1B94359C2B7FE58800B57DA7 /* BeamViewModel.swift */,
				1B231FF42B8A5FB9003AB714 /* RollViewModel.swift */,
				1B0E449F2B92516500C0E12C /* IntervalLinesViewModel.swift */,
			);
			path = "View Models";
			sourceTree = "<group>";
		};
		1B97BEE32B71C8EA007D0BE5 /* Data Services */ = {
			isa = PBXGroup;
			children = (
				1BBC97832B7699EB001C953C /* MusicXMLDataService.swift */,
			);
			path = "Data Services";
			sourceTree = "<group>";
		};
		1B97BEE42B71C909007D0BE5 /* Styles */ = {
			isa = PBXGroup;
			children = (
			);
			path = Styles;
			sourceTree = "<group>";
		};
		1B97BEEB2B7279C3007D0BE5 /* Score */ = {
			isa = PBXGroup;
			children = (
				1B231FFC2B8EA746003AB714 /* ScoreInspectorView.swift */,
				1B97BEE92B726CC1007D0BE5 /* ScoreView.swift */,
				1B97BEEC2B7279CF007D0BE5 /* PageView.swift */,
			);
			path = Score;
			sourceTree = "<group>";
		};
		1BBC97852B769ACA001C953C /* Test Scores */ = {
			isa = PBXGroup;
			children = (
				1BBEAE462B780E720033FFDA /* Advanced_Trio.musicxml */,
				1BBEAE472B780E720033FFDA /* Simpsons_MultiPart.musicxml */,
				1BBEAE442B76DCF90033FFDA /* Prlude_Opus_28_No._4_in_E_Minor__Chopin.musicxml */,
				1BBEAE422B76D8F20033FFDA /* ShortTestScore.musicxml */,
				1B5A4F262B76C479007F16ED /* My_Love_Mine_All_Mine__Mitski_My_Love_Mine_All_Mine.musicxml */,
				1BBC97882B769B4C001C953C /* Canon_in_D.musicxml */,
				1BBC97862B769AEB001C953C /* Fur_Elise.musicxml */,
				1BBC978A2B76A3C7001C953C /* TestLoad.swift */,
			);
			path = "Test Scores";
			sourceTree = "<group>";
		};
/* End PBXGroup section */

/* Begin PBXNativeTarget section */
		1B97BEC52B71C167007D0BE5 /* Intervision */ = {
			isa = PBXNativeTarget;
			buildConfigurationList = 1B97BED52B71C168007D0BE5 /* Build configuration list for PBXNativeTarget "Intervision" */;
			buildPhases = (
				1B97BEC22B71C167007D0BE5 /* Sources */,
				1B97BEC32B71C167007D0BE5 /* Frameworks */,
				1B97BEC42B71C167007D0BE5 /* Resources */,
			);
			buildRules = (
			);
			dependencies = (
			);
			name = Intervision;
			productName = Intervision;
			productReference = 1B97BEC62B71C167007D0BE5 /* Intervision.app */;
			productType = "com.apple.product-type.application";
		};
/* End PBXNativeTarget section */

/* Begin PBXProject section */
		1B97BEBE2B71C167007D0BE5 /* Project object */ = {
			isa = PBXProject;
			attributes = {
				BuildIndependentTargetsInParallel = 1;
				LastSwiftUpdateCheck = 1520;
				LastUpgradeCheck = 1520;
				TargetAttributes = {
					1B97BEC52B71C167007D0BE5 = {
						CreatedOnToolsVersion = 15.2;
					};
				};
			};
			buildConfigurationList = 1B97BEC12B71C167007D0BE5 /* Build configuration list for PBXProject "Intervision" */;
			compatibilityVersion = "Xcode 14.0";
			developmentRegion = en;
			hasScannedForEncodings = 0;
			knownRegions = (
				en,
				Base,
			);
			mainGroup = 1B97BEBD2B71C167007D0BE5;
			productRefGroup = 1B97BEC72B71C167007D0BE5 /* Products */;
			projectDirPath = "";
			projectRoot = "";
			targets = (
				1B97BEC52B71C167007D0BE5 /* Intervision */,
			);
		};
/* End PBXProject section */

/* Begin PBXResourcesBuildPhase section */
		1B97BEC42B71C167007D0BE5 /* Resources */ = {
			isa = PBXResourcesBuildPhase;
			buildActionMask = 2147483647;
			files = (
				1B5A4F272B76C479007F16ED /* My_Love_Mine_All_Mine__Mitski_My_Love_Mine_All_Mine.musicxml in Resources */,
				1BBEAE492B780E720033FFDA /* Simpsons_MultiPart.musicxml in Resources */,
				1BBEAE482B780E720033FFDA /* Advanced_Trio.musicxml in Resources */,
				1B97BED12B71C168007D0BE5 /* Preview Assets.xcassets in Resources */,
				1B97BECE2B71C168007D0BE5 /* Assets.xcassets in Resources */,
				1BBEAE432B76D8F20033FFDA /* ShortTestScore.musicxml in Resources */,
				1BBC97872B769AEB001C953C /* Fur_Elise.musicxml in Resources */,
				1BBC97892B769B4C001C953C /* Canon_in_D.musicxml in Resources */,
				1BBEAE452B76DCF90033FFDA /* Prlude_Opus_28_No._4_in_E_Minor__Chopin.musicxml in Resources */,
			);
			runOnlyForDeploymentPostprocessing = 0;
		};
/* End PBXResourcesBuildPhase section */

/* Begin PBXSourcesBuildPhase section */
		1B97BEC22B71C167007D0BE5 /* Sources */ = {
			isa = PBXSourcesBuildPhase;
			buildActionMask = 2147483647;
			files = (
				1BBC978B2B76A3C7001C953C /* TestLoad.swift in Sources */,
				1B0E44B02B92899400C0E12C /* EmptyRollView.swift in Sources */,
				1B231FFB2B8E10B9003AB714 /* RollInspectorView.swift in Sources */,
				1BBC97802B759D8E001C953C /* GraceModel.swift in Sources */,
				1B561F792B79219F001860E5 /* BarView.swift in Sources */,
				1B9435A72B85703600B57DA7 /* KeyView.swift in Sources */,
				1BBC97842B7699EB001C953C /* MusicXMLDataService.swift in Sources */,
				1B9435A32B80758300B57DA7 /* StemView.swift in Sources */,
				1B9435A92B857A8D00B57DA7 /* TimeSignatureView.swift in Sources */,
				1B9435952B7ED65B00B57DA7 /* NoteHeadView.swift in Sources */,
				1B9435A52B856D5900B57DA7 /* ClefView.swift in Sources */,
				1B97BEDC2B71C58E007D0BE5 /* ScoreModel.swift in Sources */,
				1B0E44B22B928A1600C0E12C /* RollView.swift in Sources */,
				1B9435972B7F122A00B57DA7 /* NotesView.swift in Sources */,
				1B97BEEA2B726CC1007D0BE5 /* ScoreView.swift in Sources */,
				1B12C9E72B75472200DC87DC /* StaveModel.swift in Sources */,
				1B231FFD2B8EA746003AB714 /* ScoreInspectorView.swift in Sources */,
				1B12C9E52B753EBE00DC87DC /* PartModel.swift in Sources */,
				1B0E44A02B92516500C0E12C /* IntervalLinesViewModel.swift in Sources */,
				1B0E44AB2B9284E600C0E12C /* BarRowsView.swift in Sources */,
				1B94359F2B80655D00B57DA7 /* BeamLineView.swift in Sources */,
				1B0E44A72B9260A900C0E12C /* InspectorButton.swift in Sources */,
				1B97BEE22B71C617007D0BE5 /* NoteModel.swift in Sources */,
				1B561F772B784CF3001860E5 /* HomeView.swift in Sources */,
				1B9435992B7F153100B57DA7 /* RestView.swift in Sources */,
				1B97BEE02B71C607007D0BE5 /* ChordModel.swift in Sources */,
				1B0E449E2B92510F00C0E12C /* IntervalLinesView.swift in Sources */,
				1B9435932B7EBFF900B57DA7 /* StaveView.swift in Sources */,
				1B9435A12B80657900B57DA7 /* NoteTailView.swift in Sources */,
				1B0E44B82B96AE8C00C0E12C /* LineModel.swift in Sources */,
				1B97BEE82B726CAA007D0BE5 /* MainWindowView.swift in Sources */,
				1B97BEE62B71D917007D0BE5 /* AppDelegate.swift in Sources */,
				1B0E44B52B928A8400C0E12C /* RollBarHeader.swift in Sources */,
				1B0E44AD2B92892800C0E12C /* PianoKeysHeader.swift in Sources */,
				1BBF21A32B9FFB160097D5A3 /* ScoreManager.swift in Sources */,
				1B561F7B2B793216001860E5 /* BarViewModel.swift in Sources */,
				1B231FF52B8A5FB9003AB714 /* RollViewModel.swift in Sources */,
				1B94359B2B7FE4F500B57DA7 /* BeamsView.swift in Sources */,
				1B97BECA2B71C167007D0BE5 /* IntervisionApp.swift in Sources */,
				1B0E44A22B92519800C0E12C /* SegmentModel.swift in Sources */,
				1B97BEED2B7279CF007D0BE5 /* PageView.swift in Sources */,
				1B231FF32B895153003AB714 /* PianoKeysView.swift in Sources */,
				1BBC978D2B76A50D001C953C /* ScoreViewModel.swift in Sources */,
				1B97BEDE2B71C59B007D0BE5 /* BarModel.swift in Sources */,
				1B94359D2B7FE58800B57DA7 /* BeamViewModel.swift in Sources */,
				1B231FF72B8A6C2B003AB714 /* RollBarView.swift in Sources */,
			);
			runOnlyForDeploymentPostprocessing = 0;
		};
/* End PBXSourcesBuildPhase section */

/* Begin XCBuildConfiguration section */
		1B97BED32B71C168007D0BE5 /* Debug */ = {
			isa = XCBuildConfiguration;
			buildSettings = {
				ALWAYS_SEARCH_USER_PATHS = NO;
				ASSETCATALOG_COMPILER_GENERATE_SWIFT_ASSET_SYMBOL_EXTENSIONS = YES;
				CLANG_ANALYZER_NONNULL = YES;
				CLANG_ANALYZER_NUMBER_OBJECT_CONVERSION = YES_AGGRESSIVE;
				CLANG_CXX_LANGUAGE_STANDARD = "gnu++20";
				CLANG_ENABLE_MODULES = YES;
				CLANG_ENABLE_OBJC_ARC = YES;
				CLANG_ENABLE_OBJC_WEAK = YES;
				CLANG_WARN_BLOCK_CAPTURE_AUTORELEASING = YES;
				CLANG_WARN_BOOL_CONVERSION = YES;
				CLANG_WARN_COMMA = YES;
				CLANG_WARN_CONSTANT_CONVERSION = YES;
				CLANG_WARN_DEPRECATED_OBJC_IMPLEMENTATIONS = YES;
				CLANG_WARN_DIRECT_OBJC_ISA_USAGE = YES_ERROR;
				CLANG_WARN_DOCUMENTATION_COMMENTS = YES;
				CLANG_WARN_EMPTY_BODY = YES;
				CLANG_WARN_ENUM_CONVERSION = YES;
				CLANG_WARN_INFINITE_RECURSION = YES;
				CLANG_WARN_INT_CONVERSION = YES;
				CLANG_WARN_NON_LITERAL_NULL_CONVERSION = YES;
				CLANG_WARN_OBJC_IMPLICIT_RETAIN_SELF = YES;
				CLANG_WARN_OBJC_LITERAL_CONVERSION = YES;
				CLANG_WARN_OBJC_ROOT_CLASS = YES_ERROR;
				CLANG_WARN_QUOTED_INCLUDE_IN_FRAMEWORK_HEADER = YES;
				CLANG_WARN_RANGE_LOOP_ANALYSIS = YES;
				CLANG_WARN_STRICT_PROTOTYPES = YES;
				CLANG_WARN_SUSPICIOUS_MOVE = YES;
				CLANG_WARN_UNGUARDED_AVAILABILITY = YES_AGGRESSIVE;
				CLANG_WARN_UNREACHABLE_CODE = YES;
				CLANG_WARN__DUPLICATE_METHOD_MATCH = YES;
				COPY_PHASE_STRIP = NO;
				DEBUG_INFORMATION_FORMAT = dwarf;
				ENABLE_STRICT_OBJC_MSGSEND = YES;
				ENABLE_TESTABILITY = YES;
				ENABLE_USER_SCRIPT_SANDBOXING = YES;
				GCC_C_LANGUAGE_STANDARD = gnu17;
				GCC_DYNAMIC_NO_PIC = NO;
				GCC_NO_COMMON_BLOCKS = YES;
				GCC_OPTIMIZATION_LEVEL = 0;
				GCC_PREPROCESSOR_DEFINITIONS = (
					"DEBUG=1",
					"$(inherited)",
				);
				GCC_WARN_64_TO_32_BIT_CONVERSION = YES;
				GCC_WARN_ABOUT_RETURN_TYPE = YES_ERROR;
				GCC_WARN_UNDECLARED_SELECTOR = YES;
				GCC_WARN_UNINITIALIZED_AUTOS = YES_AGGRESSIVE;
				GCC_WARN_UNUSED_FUNCTION = YES;
				GCC_WARN_UNUSED_VARIABLE = YES;
				LOCALIZATION_PREFERS_STRING_CATALOGS = YES;
				MACOSX_DEPLOYMENT_TARGET = 14.2;
				MTL_ENABLE_DEBUG_INFO = INCLUDE_SOURCE;
				MTL_FAST_MATH = YES;
				ONLY_ACTIVE_ARCH = YES;
				SDKROOT = macosx;
				SWIFT_ACTIVE_COMPILATION_CONDITIONS = "DEBUG $(inherited)";
				SWIFT_OPTIMIZATION_LEVEL = "-Onone";
			};
			name = Debug;
		};
		1B97BED42B71C168007D0BE5 /* Release */ = {
			isa = XCBuildConfiguration;
			buildSettings = {
				ALWAYS_SEARCH_USER_PATHS = NO;
				ASSETCATALOG_COMPILER_GENERATE_SWIFT_ASSET_SYMBOL_EXTENSIONS = YES;
				CLANG_ANALYZER_NONNULL = YES;
				CLANG_ANALYZER_NUMBER_OBJECT_CONVERSION = YES_AGGRESSIVE;
				CLANG_CXX_LANGUAGE_STANDARD = "gnu++20";
				CLANG_ENABLE_MODULES = YES;
				CLANG_ENABLE_OBJC_ARC = YES;
				CLANG_ENABLE_OBJC_WEAK = YES;
				CLANG_WARN_BLOCK_CAPTURE_AUTORELEASING = YES;
				CLANG_WARN_BOOL_CONVERSION = YES;
				CLANG_WARN_COMMA = YES;
				CLANG_WARN_CONSTANT_CONVERSION = YES;
				CLANG_WARN_DEPRECATED_OBJC_IMPLEMENTATIONS = YES;
				CLANG_WARN_DIRECT_OBJC_ISA_USAGE = YES_ERROR;
				CLANG_WARN_DOCUMENTATION_COMMENTS = YES;
				CLANG_WARN_EMPTY_BODY = YES;
				CLANG_WARN_ENUM_CONVERSION = YES;
				CLANG_WARN_INFINITE_RECURSION = YES;
				CLANG_WARN_INT_CONVERSION = YES;
				CLANG_WARN_NON_LITERAL_NULL_CONVERSION = YES;
				CLANG_WARN_OBJC_IMPLICIT_RETAIN_SELF = YES;
				CLANG_WARN_OBJC_LITERAL_CONVERSION = YES;
				CLANG_WARN_OBJC_ROOT_CLASS = YES_ERROR;
				CLANG_WARN_QUOTED_INCLUDE_IN_FRAMEWORK_HEADER = YES;
				CLANG_WARN_RANGE_LOOP_ANALYSIS = YES;
				CLANG_WARN_STRICT_PROTOTYPES = YES;
				CLANG_WARN_SUSPICIOUS_MOVE = YES;
				CLANG_WARN_UNGUARDED_AVAILABILITY = YES_AGGRESSIVE;
				CLANG_WARN_UNREACHABLE_CODE = YES;
				CLANG_WARN__DUPLICATE_METHOD_MATCH = YES;
				COPY_PHASE_STRIP = NO;
				DEBUG_INFORMATION_FORMAT = "dwarf-with-dsym";
				ENABLE_NS_ASSERTIONS = NO;
				ENABLE_STRICT_OBJC_MSGSEND = YES;
				ENABLE_USER_SCRIPT_SANDBOXING = YES;
				GCC_C_LANGUAGE_STANDARD = gnu17;
				GCC_NO_COMMON_BLOCKS = YES;
				GCC_WARN_64_TO_32_BIT_CONVERSION = YES;
				GCC_WARN_ABOUT_RETURN_TYPE = YES_ERROR;
				GCC_WARN_UNDECLARED_SELECTOR = YES;
				GCC_WARN_UNINITIALIZED_AUTOS = YES_AGGRESSIVE;
				GCC_WARN_UNUSED_FUNCTION = YES;
				GCC_WARN_UNUSED_VARIABLE = YES;
				LOCALIZATION_PREFERS_STRING_CATALOGS = YES;
				MACOSX_DEPLOYMENT_TARGET = 14.2;
				MTL_ENABLE_DEBUG_INFO = NO;
				MTL_FAST_MATH = YES;
				SDKROOT = macosx;
				SWIFT_COMPILATION_MODE = wholemodule;
			};
			name = Release;
		};
		1B97BED62B71C168007D0BE5 /* Debug */ = {
			isa = XCBuildConfiguration;
			buildSettings = {
				ASSETCATALOG_COMPILER_APPICON_NAME = AppIcon;
				ASSETCATALOG_COMPILER_GLOBAL_ACCENT_COLOR_NAME = AccentColor;
				CODE_SIGN_ENTITLEMENTS = Intervision/Intervision.entitlements;
				"CODE_SIGN_IDENTITY[sdk=macosx*]" = "-";
				CODE_SIGN_STYLE = Automatic;
				COMBINE_HIDPI_IMAGES = YES;
				CURRENT_PROJECT_VERSION = 1;
				DEVELOPMENT_ASSET_PATHS = "\"Intervision/Preview Content\"";
				DEVELOPMENT_TEAM = "";
				ENABLE_HARDENED_RUNTIME = YES;
				ENABLE_PREVIEWS = YES;
				GENERATE_INFOPLIST_FILE = YES;
				INFOPLIST_FILE = Intervision/Info.plist;
				INFOPLIST_KEY_LSApplicationCategoryType = "public.app-category.music";
				INFOPLIST_KEY_NSHumanReadableCopyright = "";
				LD_RUNPATH_SEARCH_PATHS = (
					"$(inherited)",
					"@executable_path/../Frameworks",
				);
				MACOSX_DEPLOYMENT_TARGET = 14.0;
				MARKETING_VERSION = 1.0;
				PRODUCT_BUNDLE_IDENTIFIER = com.reuben.Intervision;
				PRODUCT_NAME = "$(TARGET_NAME)";
				SWIFT_EMIT_LOC_STRINGS = YES;
				SWIFT_VERSION = 5.0;
			};
			name = Debug;
		};
		1B97BED72B71C168007D0BE5 /* Release */ = {
			isa = XCBuildConfiguration;
			buildSettings = {
				ASSETCATALOG_COMPILER_APPICON_NAME = AppIcon;
				ASSETCATALOG_COMPILER_GLOBAL_ACCENT_COLOR_NAME = AccentColor;
				CODE_SIGN_ENTITLEMENTS = Intervision/Intervision.entitlements;
				"CODE_SIGN_IDENTITY[sdk=macosx*]" = "-";
				CODE_SIGN_STYLE = Automatic;
				COMBINE_HIDPI_IMAGES = YES;
				CURRENT_PROJECT_VERSION = 1;
				DEVELOPMENT_ASSET_PATHS = "\"Intervision/Preview Content\"";
				DEVELOPMENT_TEAM = "";
				ENABLE_HARDENED_RUNTIME = YES;
				ENABLE_PREVIEWS = YES;
				GENERATE_INFOPLIST_FILE = YES;
				INFOPLIST_FILE = Intervision/Info.plist;
				INFOPLIST_KEY_LSApplicationCategoryType = "public.app-category.music";
				INFOPLIST_KEY_NSHumanReadableCopyright = "";
				LD_RUNPATH_SEARCH_PATHS = (
					"$(inherited)",
					"@executable_path/../Frameworks",
				);
				MACOSX_DEPLOYMENT_TARGET = 14.0;
				MARKETING_VERSION = 1.0;
				PRODUCT_BUNDLE_IDENTIFIER = com.reuben.Intervision;
				PRODUCT_NAME = "$(TARGET_NAME)";
				SWIFT_EMIT_LOC_STRINGS = YES;
				SWIFT_VERSION = 5.0;
			};
			name = Release;
		};
/* End XCBuildConfiguration section */

/* Begin XCConfigurationList section */
		1B97BEC12B71C167007D0BE5 /* Build configuration list for PBXProject "Intervision" */ = {
			isa = XCConfigurationList;
			buildConfigurations = (
				1B97BED32B71C168007D0BE5 /* Debug */,
				1B97BED42B71C168007D0BE5 /* Release */,
			);
			defaultConfigurationIsVisible = 0;
			defaultConfigurationName = Release;
		};
		1B97BED52B71C168007D0BE5 /* Build configuration list for PBXNativeTarget "Intervision" */ = {
			isa = XCConfigurationList;
			buildConfigurations = (
				1B97BED62B71C168007D0BE5 /* Debug */,
				1B97BED72B71C168007D0BE5 /* Release */,
			);
			defaultConfigurationIsVisible = 0;
			defaultConfigurationName = Release;
		};
/* End XCConfigurationList section */
	};
	rootObject = 1B97BEBE2B71C167007D0BE5 /* Project object */;
}
